// !$*UTF8*$!
{
	archiveVersion = 1;
	classes = {
	};
	objectVersion = 46;
	objects = {

/* Begin PBXBuildFile section */
		603069F01CC474E600F7933F /* CATransformLayerViewController.m in Sources */ = {isa = PBXBuildFile; fileRef = 603069EF1CC474E600F7933F /* CATransformLayerViewController.m */; };
		6039BD481CBC995E00FB646C /* MaskViewController.m in Sources */ = {isa = PBXBuildFile; fileRef = 6039BD471CBC995E00FB646C /* MaskViewController.m */; };
		6039BD4C1CBCA19200FB646C /* TransformViewController.m in Sources */ = {isa = PBXBuildFile; fileRef = 6039BD4B1CBCA19200FB646C /* TransformViewController.m */; };
		603C44391CBF36CC00F102D5 /* CAShapeLayerViewController.m in Sources */ = {isa = PBXBuildFile; fileRef = 603C44381CBF36CC00F102D5 /* CAShapeLayerViewController.m */; };
		603C443C1CBF3A5500F102D5 /* CATextLayerViewController.m in Sources */ = {isa = PBXBuildFile; fileRef = 603C443B1CBF3A5500F102D5 /* CATextLayerViewController.m */; };
		604120631CBB462F00F03A52 /* contentsViewController.m in Sources */ = {isa = PBXBuildFile; fileRef = 604120621CBB462F00F03A52 /* contentsViewController.m */; };
		604120651CBB472F00F03A52 /* 10.png in Resources */ = {isa = PBXBuildFile; fileRef = 604120641CBB472F00F03A52 /* 10.png */; };
		604120681CBB4CBA00F03A52 /* CustomDrawingViewController.m in Sources */ = {isa = PBXBuildFile; fileRef = 604120671CBB4CBA00F03A52 /* CustomDrawingViewController.m */; };
		6041206C1CBB793E00F03A52 /* anchorPointViewController.m in Sources */ = {isa = PBXBuildFile; fileRef = 6041206B1CBB793E00F03A52 /* anchorPointViewController.m */; };
		604120701CBBA90E00F03A52 /* visualeffectViewController.m in Sources */ = {isa = PBXBuildFile; fileRef = 6041206F1CBBA90E00F03A52 /* visualeffectViewController.m */; };
		60448F011CD05D47005E65DE /* CAReplicatorLayerView.m in Sources */ = {isa = PBXBuildFile; fileRef = 60448EFE1CD05D47005E65DE /* CAReplicatorLayerView.m */; };
		60448F021CD05D47005E65DE /* CAReplicatorLayerViewController.m in Sources */ = {isa = PBXBuildFile; fileRef = 60448F001CD05D47005E65DE /* CAReplicatorLayerViewController.m */; };
		60448F051CD05D75005E65DE /* CAEmitterLayerViewController.m in Sources */ = {isa = PBXBuildFile; fileRef = 60448F041CD05D75005E65DE /* CAEmitterLayerViewController.m */; };
		60448F081CD0601F005E65DE /* CAEAGLLayerViewController.m in Sources */ = {isa = PBXBuildFile; fileRef = 60448F071CD0601F005E65DE /* CAEAGLLayerViewController.m */; };
		60448F0B1CD0619A005E65DE /* CAGradientLayerViewController.m in Sources */ = {isa = PBXBuildFile; fileRef = 60448F0A1CD0619A005E65DE /* CAGradientLayerViewController.m */; };
		60448F0E1CD0637C005E65DE /* CATransformLayer2ViewController.m in Sources */ = {isa = PBXBuildFile; fileRef = 60448F0D1CD0637C005E65DE /* CATransformLayer2ViewController.m */; };
		60448F131CD09D9E005E65DE /* AffairsViewController.m in Sources */ = {isa = PBXBuildFile; fileRef = 60448F121CD09D9E005E65DE /* AffairsViewController.m */; };
		60448F161CD0AE42005E65DE /* finshblockViewController.m in Sources */ = {isa = PBXBuildFile; fileRef = 60448F151CD0AE42005E65DE /* finshblockViewController.m */; };
		605CE1F41CB8DD9200D91782 /* main.m in Sources */ = {isa = PBXBuildFile; fileRef = 605CE1F31CB8DD9200D91782 /* main.m */; };
		605CE1F71CB8DD9200D91782 /* AppDelegate.m in Sources */ = {isa = PBXBuildFile; fileRef = 605CE1F61CB8DD9200D91782 /* AppDelegate.m */; };
		605CE1FF1CB8DD9200D91782 /* Assets.xcassets in Resources */ = {isa = PBXBuildFile; fileRef = 605CE1FE1CB8DD9200D91782 /* Assets.xcassets */; };
		605CE2271CB8DF1F00D91782 /* RootViewController.m in Sources */ = {isa = PBXBuildFile; fileRef = 605CE2261CB8DF1F00D91782 /* RootViewController.m */; };
		605CE22C1CB8E32800D91782 /* Default-568h@2x.png in Resources */ = {isa = PBXBuildFile; fileRef = 605CE2291CB8E32800D91782 /* Default-568h@2x.png */; };
		605CE22D1CB8E32800D91782 /* Default-667h@2x.png in Resources */ = {isa = PBXBuildFile; fileRef = 605CE22A1CB8E32800D91782 /* Default-667h@2x.png */; };
		605CE22E1CB8E32800D91782 /* Default-736h@3x.png in Resources */ = {isa = PBXBuildFile; fileRef = 605CE22B1CB8E32800D91782 /* Default-736h@3x.png */; };
		605CE2331CB8E3A500D91782 /* PostViewController.m in Sources */ = {isa = PBXBuildFile; fileRef = 605CE2321CB8E3A500D91782 /* PostViewController.m */; };
		605CE2381CB8F00300D91782 /* QuartzCore.framework in Frameworks */ = {isa = PBXBuildFile; fileRef = 605CE2371CB8F00300D91782 /* QuartzCore.framework */; };
		605CE23C1CB8F60000D91782 /* Layer01ViewController.m in Sources */ = {isa = PBXBuildFile; fileRef = 605CE23B1CB8F60000D91782 /* Layer01ViewController.m */; };
/* End PBXBuildFile section */

/* Begin PBXContainerItemProxy section */
		605CE2091CB8DD9200D91782 /* PBXContainerItemProxy */ = {
			isa = PBXContainerItemProxy;
			containerPortal = 605CE1E71CB8DD9200D91782 /* Project object */;
			proxyType = 1;
			remoteGlobalIDString = 605CE1EE1CB8DD9200D91782;
			remoteInfo = coreAnmitionTextLearning;
		};
		605CE2141CB8DD9200D91782 /* PBXContainerItemProxy */ = {
			isa = PBXContainerItemProxy;
			containerPortal = 605CE1E71CB8DD9200D91782 /* Project object */;
			proxyType = 1;
			remoteGlobalIDString = 605CE1EE1CB8DD9200D91782;
			remoteInfo = coreAnmitionTextLearning;
		};
/* End PBXContainerItemProxy section */

/* Begin PBXFileReference section */
		603069EE1CC474E600F7933F /* CATransformLayerViewController.h */ = {isa = PBXFileReference; fileEncoding = 4; lastKnownFileType = sourcecode.c.h; path = CATransformLayerViewController.h; sourceTree = "<group>"; };
		603069EF1CC474E600F7933F /* CATransformLayerViewController.m */ = {isa = PBXFileReference; fileEncoding = 4; lastKnownFileType = sourcecode.c.objc; path = CATransformLayerViewController.m; sourceTree = "<group>"; };
		6039BD461CBC995E00FB646C /* MaskViewController.h */ = {isa = PBXFileReference; fileEncoding = 4; lastKnownFileType = sourcecode.c.h; path = MaskViewController.h; sourceTree = "<group>"; };
		6039BD471CBC995E00FB646C /* MaskViewController.m */ = {isa = PBXFileReference; fileEncoding = 4; lastKnownFileType = sourcecode.c.objc; path = MaskViewController.m; sourceTree = "<group>"; };
		6039BD4A1CBCA19200FB646C /* TransformViewController.h */ = {isa = PBXFileReference; fileEncoding = 4; lastKnownFileType = sourcecode.c.h; path = TransformViewController.h; sourceTree = "<group>"; };
		6039BD4B1CBCA19200FB646C /* TransformViewController.m */ = {isa = PBXFileReference; fileEncoding = 4; lastKnownFileType = sourcecode.c.objc; path = TransformViewController.m; sourceTree = "<group>"; };
		603C44371CBF36CC00F102D5 /* CAShapeLayerViewController.h */ = {isa = PBXFileReference; fileEncoding = 4; lastKnownFileType = sourcecode.c.h; path = CAShapeLayerViewController.h; sourceTree = "<group>"; };
		603C44381CBF36CC00F102D5 /* CAShapeLayerViewController.m */ = {isa = PBXFileReference; fileEncoding = 4; lastKnownFileType = sourcecode.c.objc; path = CAShapeLayerViewController.m; sourceTree = "<group>"; };
		603C443A1CBF3A5500F102D5 /* CATextLayerViewController.h */ = {isa = PBXFileReference; fileEncoding = 4; lastKnownFileType = sourcecode.c.h; path = CATextLayerViewController.h; sourceTree = "<group>"; };
		603C443B1CBF3A5500F102D5 /* CATextLayerViewController.m */ = {isa = PBXFileReference; fileEncoding = 4; lastKnownFileType = sourcecode.c.objc; path = CATextLayerViewController.m; sourceTree = "<group>"; };
		604120611CBB462F00F03A52 /* contentsViewController.h */ = {isa = PBXFileReference; fileEncoding = 4; lastKnownFileType = sourcecode.c.h; path = contentsViewController.h; sourceTree = "<group>"; };
		604120621CBB462F00F03A52 /* contentsViewController.m */ = {isa = PBXFileReference; fileEncoding = 4; lastKnownFileType = sourcecode.c.objc; path = contentsViewController.m; sourceTree = "<group>"; };
		604120641CBB472F00F03A52 /* 10.png */ = {isa = PBXFileReference; lastKnownFileType = image.png; path = 10.png; sourceTree = "<group>"; };
		604120661CBB4CBA00F03A52 /* CustomDrawingViewController.h */ = {isa = PBXFileReference; fileEncoding = 4; lastKnownFileType = sourcecode.c.h; path = CustomDrawingViewController.h; sourceTree = "<group>"; };
		604120671CBB4CBA00F03A52 /* CustomDrawingViewController.m */ = {isa = PBXFileReference; fileEncoding = 4; lastKnownFileType = sourcecode.c.objc; path = CustomDrawingViewController.m; sourceTree = "<group>"; };
		6041206A1CBB793E00F03A52 /* anchorPointViewController.h */ = {isa = PBXFileReference; fileEncoding = 4; lastKnownFileType = sourcecode.c.h; path = anchorPointViewController.h; sourceTree = "<group>"; };
		6041206B1CBB793E00F03A52 /* anchorPointViewController.m */ = {isa = PBXFileReference; fileEncoding = 4; lastKnownFileType = sourcecode.c.objc; path = anchorPointViewController.m; sourceTree = "<group>"; };
		6041206E1CBBA90E00F03A52 /* visualeffectViewController.h */ = {isa = PBXFileReference; fileEncoding = 4; lastKnownFileType = sourcecode.c.h; path = visualeffectViewController.h; sourceTree = "<group>"; };
		6041206F1CBBA90E00F03A52 /* visualeffectViewController.m */ = {isa = PBXFileReference; fileEncoding = 4; lastKnownFileType = sourcecode.c.objc; path = visualeffectViewController.m; sourceTree = "<group>"; };
		60448EFD1CD05D47005E65DE /* CAReplicatorLayerView.h */ = {isa = PBXFileReference; fileEncoding = 4; lastKnownFileType = sourcecode.c.h; path = CAReplicatorLayerView.h; sourceTree = "<group>"; };
		60448EFE1CD05D47005E65DE /* CAReplicatorLayerView.m */ = {isa = PBXFileReference; fileEncoding = 4; lastKnownFileType = sourcecode.c.objc; path = CAReplicatorLayerView.m; sourceTree = "<group>"; };
		60448EFF1CD05D47005E65DE /* CAReplicatorLayerViewController.h */ = {isa = PBXFileReference; fileEncoding = 4; lastKnownFileType = sourcecode.c.h; path = CAReplicatorLayerViewController.h; sourceTree = "<group>"; };
		60448F001CD05D47005E65DE /* CAReplicatorLayerViewController.m */ = {isa = PBXFileReference; fileEncoding = 4; lastKnownFileType = sourcecode.c.objc; path = CAReplicatorLayerViewController.m; sourceTree = "<group>"; };
		60448F031CD05D75005E65DE /* CAEmitterLayerViewController.h */ = {isa = PBXFileReference; fileEncoding = 4; lastKnownFileType = sourcecode.c.h; path = CAEmitterLayerViewController.h; sourceTree = "<group>"; };
		60448F041CD05D75005E65DE /* CAEmitterLayerViewController.m */ = {isa = PBXFileReference; fileEncoding = 4; lastKnownFileType = sourcecode.c.objc; path = CAEmitterLayerViewController.m; sourceTree = "<group>"; };
		60448F061CD0601F005E65DE /* CAEAGLLayerViewController.h */ = {isa = PBXFileReference; fileEncoding = 4; lastKnownFileType = sourcecode.c.h; path = CAEAGLLayerViewController.h; sourceTree = "<group>"; };
		60448F071CD0601F005E65DE /* CAEAGLLayerViewController.m */ = {isa = PBXFileReference; fileEncoding = 4; lastKnownFileType = sourcecode.c.objc; path = CAEAGLLayerViewController.m; sourceTree = "<group>"; };
		60448F091CD0619A005E65DE /* CAGradientLayerViewController.h */ = {isa = PBXFileReference; fileEncoding = 4; lastKnownFileType = sourcecode.c.h; path = CAGradientLayerViewController.h; sourceTree = "<group>"; };
		60448F0A1CD0619A005E65DE /* CAGradientLayerViewController.m */ = {isa = PBXFileReference; fileEncoding = 4; lastKnownFileType = sourcecode.c.objc; path = CAGradientLayerViewController.m; sourceTree = "<group>"; };
		60448F0C1CD0637C005E65DE /* CATransformLayer2ViewController.h */ = {isa = PBXFileReference; fileEncoding = 4; lastKnownFileType = sourcecode.c.h; path = CATransformLayer2ViewController.h; sourceTree = "<group>"; };
		60448F0D1CD0637C005E65DE /* CATransformLayer2ViewController.m */ = {isa = PBXFileReference; fileEncoding = 4; lastKnownFileType = sourcecode.c.objc; path = CATransformLayer2ViewController.m; sourceTree = "<group>"; };
		60448F111CD09D9E005E65DE /* AffairsViewController.h */ = {isa = PBXFileReference; fileEncoding = 4; lastKnownFileType = sourcecode.c.h; path = AffairsViewController.h; sourceTree = "<group>"; };
		60448F121CD09D9E005E65DE /* AffairsViewController.m */ = {isa = PBXFileReference; fileEncoding = 4; lastKnownFileType = sourcecode.c.objc; path = AffairsViewController.m; sourceTree = "<group>"; };
		60448F141CD0AE42005E65DE /* finshblockViewController.h */ = {isa = PBXFileReference; fileEncoding = 4; lastKnownFileType = sourcecode.c.h; path = finshblockViewController.h; sourceTree = "<group>"; };
		60448F151CD0AE42005E65DE /* finshblockViewController.m */ = {isa = PBXFileReference; fileEncoding = 4; lastKnownFileType = sourcecode.c.objc; path = finshblockViewController.m; sourceTree = "<group>"; };
		605CE1EF1CB8DD9200D91782 /* coreAnmitionTextLearning.app */ = {isa = PBXFileReference; explicitFileType = wrapper.application; includeInIndex = 0; path = coreAnmitionTextLearning.app; sourceTree = BUILT_PRODUCTS_DIR; };
		605CE1F31CB8DD9200D91782 /* main.m */ = {isa = PBXFileReference; lastKnownFileType = sourcecode.c.objc; path = main.m; sourceTree = "<group>"; };
		605CE1F51CB8DD9200D91782 /* AppDelegate.h */ = {isa = PBXFileReference; lastKnownFileType = sourcecode.c.h; path = AppDelegate.h; sourceTree = "<group>"; };
		605CE1F61CB8DD9200D91782 /* AppDelegate.m */ = {isa = PBXFileReference; lastKnownFileType = sourcecode.c.objc; path = AppDelegate.m; sourceTree = "<group>"; };
		605CE1FE1CB8DD9200D91782 /* Assets.xcassets */ = {isa = PBXFileReference; lastKnownFileType = folder.assetcatalog; path = Assets.xcassets; sourceTree = "<group>"; };
		605CE2031CB8DD9200D91782 /* Info.plist */ = {isa = PBXFileReference; lastKnownFileType = text.plist.xml; path = Info.plist; sourceTree = "<group>"; };
		605CE2081CB8DD9200D91782 /* coreAnmitionTextLearningTests.xctest */ = {isa = PBXFileReference; explicitFileType = wrapper.cfbundle; includeInIndex = 0; path = coreAnmitionTextLearningTests.xctest; sourceTree = BUILT_PRODUCTS_DIR; };
		605CE2131CB8DD9200D91782 /* coreAnmitionTextLearningUITests.xctest */ = {isa = PBXFileReference; explicitFileType = wrapper.cfbundle; includeInIndex = 0; path = coreAnmitionTextLearningUITests.xctest; sourceTree = BUILT_PRODUCTS_DIR; };
		605CE2251CB8DF1F00D91782 /* RootViewController.h */ = {isa = PBXFileReference; fileEncoding = 4; lastKnownFileType = sourcecode.c.h; name = RootViewController.h; path = ../RootViewController.h; sourceTree = "<group>"; };
		605CE2261CB8DF1F00D91782 /* RootViewController.m */ = {isa = PBXFileReference; fileEncoding = 4; lastKnownFileType = sourcecode.c.objc; name = RootViewController.m; path = ../RootViewController.m; sourceTree = "<group>"; };
		605CE2281CB8E01C00D91782 /* PrefixHeader.pch */ = {isa = PBXFileReference; fileEncoding = 4; lastKnownFileType = sourcecode.c.h; path = PrefixHeader.pch; sourceTree = "<group>"; };
		605CE2291CB8E32800D91782 /* Default-568h@2x.png */ = {isa = PBXFileReference; lastKnownFileType = image.png; path = "Default-568h@2x.png"; sourceTree = "<group>"; };
		605CE22A1CB8E32800D91782 /* Default-667h@2x.png */ = {isa = PBXFileReference; lastKnownFileType = image.png; path = "Default-667h@2x.png"; sourceTree = "<group>"; };
		605CE22B1CB8E32800D91782 /* Default-736h@3x.png */ = {isa = PBXFileReference; lastKnownFileType = image.png; path = "Default-736h@3x.png"; sourceTree = "<group>"; };
		605CE2311CB8E3A500D91782 /* PostViewController.h */ = {isa = PBXFileReference; fileEncoding = 4; lastKnownFileType = sourcecode.c.h; path = PostViewController.h; sourceTree = "<group>"; };
		605CE2321CB8E3A500D91782 /* PostViewController.m */ = {isa = PBXFileReference; fileEncoding = 4; lastKnownFileType = sourcecode.c.objc; path = PostViewController.m; sourceTree = "<group>"; };
		605CE2371CB8F00300D91782 /* QuartzCore.framework */ = {isa = PBXFileReference; lastKnownFileType = wrapper.framework; name = QuartzCore.framework; path = System/Library/Frameworks/QuartzCore.framework; sourceTree = SDKROOT; };
		605CE23A1CB8F60000D91782 /* Layer01ViewController.h */ = {isa = PBXFileReference; fileEncoding = 4; lastKnownFileType = sourcecode.c.h; path = Layer01ViewController.h; sourceTree = "<group>"; };
		605CE23B1CB8F60000D91782 /* Layer01ViewController.m */ = {isa = PBXFileReference; fileEncoding = 4; lastKnownFileType = sourcecode.c.objc; path = Layer01ViewController.m; sourceTree = "<group>"; };
/* End PBXFileReference section */

/* Begin PBXFrameworksBuildPhase section */
		605CE1EC1CB8DD9200D91782 /* Frameworks */ = {
			isa = PBXFrameworksBuildPhase;
			buildActionMask = 2147483647;
			files = (
				605CE2381CB8F00300D91782 /* QuartzCore.framework in Frameworks */,
			);
			runOnlyForDeploymentPostprocessing = 0;
		};
		605CE2051CB8DD9200D91782 /* Frameworks */ = {
			isa = PBXFrameworksBuildPhase;
			buildActionMask = 2147483647;
			files = (
			);
			runOnlyForDeploymentPostprocessing = 0;
		};
		605CE2101CB8DD9200D91782 /* Frameworks */ = {
			isa = PBXFrameworksBuildPhase;
			buildActionMask = 2147483647;
			files = (
			);
			runOnlyForDeploymentPostprocessing = 0;
		};
/* End PBXFrameworksBuildPhase section */

/* Begin PBXGroup section */
		6039BD491CBC9F0D00FB646C /* 5 */ = {
			isa = PBXGroup;
			children = (
				6039BD4A1CBCA19200FB646C /* TransformViewController.h */,
				6039BD4B1CBCA19200FB646C /* TransformViewController.m */,
			);
			name = 5;
			sourceTree = "<group>";
		};
		603C44361CBF36A400F102D5 /* 6 */ = {
			isa = PBXGroup;
			children = (
				603C44371CBF36CC00F102D5 /* CAShapeLayerViewController.h */,
				603C44381CBF36CC00F102D5 /* CAShapeLayerViewController.m */,
				603C443A1CBF3A5500F102D5 /* CATextLayerViewController.h */,
				603C443B1CBF3A5500F102D5 /* CATextLayerViewController.m */,
				60448F0C1CD0637C005E65DE /* CATransformLayer2ViewController.h */,
				60448F0D1CD0637C005E65DE /* CATransformLayer2ViewController.m */,
				603069EE1CC474E600F7933F /* CATransformLayerViewController.h */,
				603069EF1CC474E600F7933F /* CATransformLayerViewController.m */,
				60448EFD1CD05D47005E65DE /* CAReplicatorLayerView.h */,
				60448EFE1CD05D47005E65DE /* CAReplicatorLayerView.m */,
				60448F091CD0619A005E65DE /* CAGradientLayerViewController.h */,
				60448F0A1CD0619A005E65DE /* CAGradientLayerViewController.m */,
				60448EFF1CD05D47005E65DE /* CAReplicatorLayerViewController.h */,
				60448F001CD05D47005E65DE /* CAReplicatorLayerViewController.m */,
				60448F031CD05D75005E65DE /* CAEmitterLayerViewController.h */,
				60448F041CD05D75005E65DE /* CAEmitterLayerViewController.m */,
				60448F061CD0601F005E65DE /* CAEAGLLayerViewController.h */,
				60448F071CD0601F005E65DE /* CAEAGLLayerViewController.m */,
			);
			name = 6;
			sourceTree = "<group>";
		};
		604120601CBB461000F03A52 /* 2 */ = {
			isa = PBXGroup;
			children = (
				604120611CBB462F00F03A52 /* contentsViewController.h */,
				604120621CBB462F00F03A52 /* contentsViewController.m */,
				604120661CBB4CBA00F03A52 /* CustomDrawingViewController.h */,
				604120671CBB4CBA00F03A52 /* CustomDrawingViewController.m */,
			);
			name = 2;
			sourceTree = "<group>";
		};
		604120691CBB588D00F03A52 /* 3 */ = {
			isa = PBXGroup;
			children = (
				6041206A1CBB793E00F03A52 /* anchorPointViewController.h */,
				6041206B1CBB793E00F03A52 /* anchorPointViewController.m */,
			);
			name = 3;
			sourceTree = "<group>";
		};
		6041206D1CBBA8FA00F03A52 /* 4 */ = {
			isa = PBXGroup;
			children = (
				6041206E1CBBA90E00F03A52 /* visualeffectViewController.h */,
				6041206F1CBBA90E00F03A52 /* visualeffectViewController.m */,
				6039BD461CBC995E00FB646C /* MaskViewController.h */,
				6039BD471CBC995E00FB646C /* MaskViewController.m */,
			);
			name = 4;
			sourceTree = "<group>";
		};
		60448F0F1CD09ACF005E65DE /* 7 */ = {
			isa = PBXGroup;
			children = (
				60448F111CD09D9E005E65DE /* AffairsViewController.h */,
				60448F121CD09D9E005E65DE /* AffairsViewController.m */,
				60448F141CD0AE42005E65DE /* finshblockViewController.h */,
				60448F151CD0AE42005E65DE /* finshblockViewController.m */,
			);
			name = 7;
			sourceTree = "<group>";
		};
		60448F101CD09AFB005E65DE /* controllers */ = {
			isa = PBXGroup;
			children = (
				605CE1F51CB8DD9200D91782 /* AppDelegate.h */,
				605CE1F61CB8DD9200D91782 /* AppDelegate.m */,
				605CE2311CB8E3A500D91782 /* PostViewController.h */,
				605CE2321CB8E3A500D91782 /* PostViewController.m */,
			);
			name = controllers;
			sourceTree = "<group>";
		};
		605CE1E61CB8DD9200D91782 = {
			isa = PBXGroup;
			children = (
				605CE1F11CB8DD9200D91782 /* coreAnmitionTextLearning */,
				605CE1F01CB8DD9200D91782 /* Products */,
			);
			sourceTree = "<group>";
		};
		605CE1F01CB8DD9200D91782 /* Products */ = {
			isa = PBXGroup;
			children = (
				605CE1EF1CB8DD9200D91782 /* coreAnmitionTextLearning.app */,
				605CE2081CB8DD9200D91782 /* coreAnmitionTextLearningTests.xctest */,
				605CE2131CB8DD9200D91782 /* coreAnmitionTextLearningUITests.xctest */,
			);
			name = Products;
			sourceTree = "<group>";
		};
		605CE1F11CB8DD9200D91782 /* coreAnmitionTextLearning */ = {
			isa = PBXGroup;
			children = (
				605CE2251CB8DF1F00D91782 /* RootViewController.h */,
				605CE2261CB8DF1F00D91782 /* RootViewController.m */,
				60448F101CD09AFB005E65DE /* controllers */,
				60448F0F1CD09ACF005E65DE /* 7 */,
				603C44361CBF36A400F102D5 /* 6 */,
				6039BD491CBC9F0D00FB646C /* 5 */,
				6041206D1CBBA8FA00F03A52 /* 4 */,
				604120691CBB588D00F03A52 /* 3 */,
				604120601CBB461000F03A52 /* 2 */,
				605CE2301CB8E36B00D91782 /* 1章 */,
				605CE1FE1CB8DD9200D91782 /* Assets.xcassets */,
				605CE1F21CB8DD9200D91782 /* Supporting Files */,
			);
			path = coreAnmitionTextLearning;
			sourceTree = "<group>";
		};
		605CE1F21CB8DD9200D91782 /* Supporting Files */ = {
			isa = PBXGroup;
			children = (
				605CE2391CB8F00F00D91782 /* frameWork */,
				605CE2031CB8DD9200D91782 /* Info.plist */,
				605CE22F1CB8E32F00D91782 /* image */,
				605CE1F31CB8DD9200D91782 /* main.m */,
				605CE2281CB8E01C00D91782 /* PrefixHeader.pch */,
			);
			name = "Supporting Files";
			sourceTree = "<group>";
		};
		605CE22F1CB8E32F00D91782 /* image */ = {
			isa = PBXGroup;
			children = (
				605CE2291CB8E32800D91782 /* Default-568h@2x.png */,
				605CE22A1CB8E32800D91782 /* Default-667h@2x.png */,
				605CE22B1CB8E32800D91782 /* Default-736h@3x.png */,
			);
			name = image;
			sourceTree = "<group>";
		};
		605CE2301CB8E36B00D91782 /* 1章 */ = {
			isa = PBXGroup;
			children = (
				604120641CBB472F00F03A52 /* 10.png */,
				605CE23A1CB8F60000D91782 /* Layer01ViewController.h */,
				605CE23B1CB8F60000D91782 /* Layer01ViewController.m */,
			);
			name = "1章";
			sourceTree = "<group>";
		};
		605CE2391CB8F00F00D91782 /* frameWork */ = {
			isa = PBXGroup;
			children = (
				605CE2371CB8F00300D91782 /* QuartzCore.framework */,
			);
			name = frameWork;
			sourceTree = "<group>";
		};
/* End PBXGroup section */

/* Begin PBXNativeTarget section */
		605CE1EE1CB8DD9200D91782 /* coreAnmitionTextLearning */ = {
			isa = PBXNativeTarget;
			buildConfigurationList = 605CE21C1CB8DD9200D91782 /* Build configuration list for PBXNativeTarget "coreAnmitionTextLearning" */;
			buildPhases = (
				605CE1EB1CB8DD9200D91782 /* Sources */,
				605CE1EC1CB8DD9200D91782 /* Frameworks */,
				605CE1ED1CB8DD9200D91782 /* Resources */,
			);
			buildRules = (
			);
			dependencies = (
			);
			name = coreAnmitionTextLearning;
			productName = coreAnmitionTextLearning;
			productReference = 605CE1EF1CB8DD9200D91782 /* coreAnmitionTextLearning.app */;
			productType = "com.apple.product-type.application";
		};
		605CE2071CB8DD9200D91782 /* coreAnmitionTextLearningTests */ = {
			isa = PBXNativeTarget;
			buildConfigurationList = 605CE21F1CB8DD9200D91782 /* Build configuration list for PBXNativeTarget "coreAnmitionTextLearningTests" */;
			buildPhases = (
				605CE2041CB8DD9200D91782 /* Sources */,
				605CE2051CB8DD9200D91782 /* Frameworks */,
				605CE2061CB8DD9200D91782 /* Resources */,
			);
			buildRules = (
			);
			dependencies = (
				605CE20A1CB8DD9200D91782 /* PBXTargetDependency */,
			);
			name = coreAnmitionTextLearningTests;
			productName = coreAnmitionTextLearningTests;
			productReference = 605CE2081CB8DD9200D91782 /* coreAnmitionTextLearningTests.xctest */;
			productType = "com.apple.product-type.bundle.unit-test";
		};
		605CE2121CB8DD9200D91782 /* coreAnmitionTextLearningUITests */ = {
			isa = PBXNativeTarget;
			buildConfigurationList = 605CE2221CB8DD9200D91782 /* Build configuration list for PBXNativeTarget "coreAnmitionTextLearningUITests" */;
			buildPhases = (
				605CE20F1CB8DD9200D91782 /* Sources */,
				605CE2101CB8DD9200D91782 /* Frameworks */,
				605CE2111CB8DD9200D91782 /* Resources */,
			);
			buildRules = (
			);
			dependencies = (
				605CE2151CB8DD9200D91782 /* PBXTargetDependency */,
			);
			name = coreAnmitionTextLearningUITests;
			productName = coreAnmitionTextLearningUITests;
			productReference = 605CE2131CB8DD9200D91782 /* coreAnmitionTextLearningUITests.xctest */;
			productType = "com.apple.product-type.bundle.ui-testing";
		};
/* End PBXNativeTarget section */

/* Begin PBXProject section */
		605CE1E71CB8DD9200D91782 /* Project object */ = {
			isa = PBXProject;
			attributes = {
				LastUpgradeCheck = 0730;
				ORGANIZATIONNAME = HYZ;
				TargetAttributes = {
					605CE1EE1CB8DD9200D91782 = {
						CreatedOnToolsVersion = 7.3;
					};
					605CE2071CB8DD9200D91782 = {
						CreatedOnToolsVersion = 7.3;
						TestTargetID = 605CE1EE1CB8DD9200D91782;
					};
					605CE2121CB8DD9200D91782 = {
						CreatedOnToolsVersion = 7.3;
						TestTargetID = 605CE1EE1CB8DD9200D91782;
					};
				};
			};
			buildConfigurationList = 605CE1EA1CB8DD9200D91782 /* Build configuration list for PBXProject "coreAnmitionTextLearning" */;
			compatibilityVersion = "Xcode 3.2";
			developmentRegion = English;
			hasScannedForEncodings = 0;
			knownRegions = (
				en,
				Base,
			);
			mainGroup = 605CE1E61CB8DD9200D91782;
			productRefGroup = 605CE1F01CB8DD9200D91782 /* Products */;
			projectDirPath = "";
			projectRoot = "";
			targets = (
				605CE1EE1CB8DD9200D91782 /* coreAnmitionTextLearning */,
				605CE2071CB8DD9200D91782 /* coreAnmitionTextLearningTests */,
				605CE2121CB8DD9200D91782 /* coreAnmitionTextLearningUITests */,
			);
		};
/* End PBXProject section */

/* Begin PBXResourcesBuildPhase section */
		605CE1ED1CB8DD9200D91782 /* Resources */ = {
			isa = PBXResourcesBuildPhase;
			buildActionMask = 2147483647;
			files = (
				604120651CBB472F00F03A52 /* 10.png in Resources */,
				605CE1FF1CB8DD9200D91782 /* Assets.xcassets in Resources */,
				605CE22D1CB8E32800D91782 /* Default-667h@2x.png in Resources */,
				605CE22C1CB8E32800D91782 /* Default-568h@2x.png in Resources */,
				605CE22E1CB8E32800D91782 /* Default-736h@3x.png in Resources */,
			);
			runOnlyForDeploymentPostprocessing = 0;
		};
		605CE2061CB8DD9200D91782 /* Resources */ = {
			isa = PBXResourcesBuildPhase;
			buildActionMask = 2147483647;
			files = (
			);
			runOnlyForDeploymentPostprocessing = 0;
		};
		605CE2111CB8DD9200D91782 /* Resources */ = {
			isa = PBXResourcesBuildPhase;
			buildActionMask = 2147483647;
			files = (
			);
			runOnlyForDeploymentPostprocessing = 0;
		};
/* End PBXResourcesBuildPhase section */

/* Begin PBXSourcesBuildPhase section */
		605CE1EB1CB8DD9200D91782 /* Sources */ = {
			isa = PBXSourcesBuildPhase;
			buildActionMask = 2147483647;
			files = (
				603069F01CC474E600F7933F /* CATransformLayerViewController.m in Sources */,
				6039BD481CBC995E00FB646C /* MaskViewController.m in Sources */,
				605CE2331CB8E3A500D91782 /* PostViewController.m in Sources */,
				60448F081CD0601F005E65DE /* CAEAGLLayerViewController.m in Sources */,
				60448F021CD05D47005E65DE /* CAReplicatorLayerViewController.m in Sources */,
				605CE23C1CB8F60000D91782 /* Layer01ViewController.m in Sources */,
				60448F0E1CD0637C005E65DE /* CATransformLayer2ViewController.m in Sources */,
				604120631CBB462F00F03A52 /* contentsViewController.m in Sources */,
				6041206C1CBB793E00F03A52 /* anchorPointViewController.m in Sources */,
				604120701CBBA90E00F03A52 /* visualeffectViewController.m in Sources */,
				604120681CBB4CBA00F03A52 /* CustomDrawingViewController.m in Sources */,
				605CE1F71CB8DD9200D91782 /* AppDelegate.m in Sources */,
				60448F131CD09D9E005E65DE /* AffairsViewController.m in Sources */,
				603C44391CBF36CC00F102D5 /* CAShapeLayerViewController.m in Sources */,
				60448F0B1CD0619A005E65DE /* CAGradientLayerViewController.m in Sources */,
				603C443C1CBF3A5500F102D5 /* CATextLayerViewController.m in Sources */,
				60448F011CD05D47005E65DE /* CAReplicatorLayerView.m in Sources */,
				60448F161CD0AE42005E65DE /* finshblockViewController.m in Sources */,
				60448F051CD05D75005E65DE /* CAEmitterLayerViewController.m in Sources */,
				6039BD4C1CBCA19200FB646C /* TransformViewController.m in Sources */,
				605CE1F41CB8DD9200D91782 /* main.m in Sources */,
				605CE2271CB8DF1F00D91782 /* RootViewController.m in Sources */,
			);
			runOnlyForDeploymentPostprocessing = 0;
		};
		605CE2041CB8DD9200D91782 /* Sources */ = {
			isa = PBXSourcesBuildPhase;
			buildActionMask = 2147483647;
			files = (
			);
			runOnlyForDeploymentPostprocessing = 0;
		};
		605CE20F1CB8DD9200D91782 /* Sources */ = {
			isa = PBXSourcesBuildPhase;
			buildActionMask = 2147483647;
			files = (
			);
			runOnlyForDeploymentPostprocessing = 0;
		};
/* End PBXSourcesBuildPhase section */

/* Begin PBXTargetDependency section */
		605CE20A1CB8DD9200D91782 /* PBXTargetDependency */ = {
			isa = PBXTargetDependency;
			target = 605CE1EE1CB8DD9200D91782 /* coreAnmitionTextLearning */;
			targetProxy = 605CE2091CB8DD9200D91782 /* PBXContainerItemProxy */;
		};
		605CE2151CB8DD9200D91782 /* PBXTargetDependency */ = {
			isa = PBXTargetDependency;
			target = 605CE1EE1CB8DD9200D91782 /* coreAnmitionTextLearning */;
			targetProxy = 605CE2141CB8DD9200D91782 /* PBXContainerItemProxy */;
		};
/* End PBXTargetDependency section */

/* Begin XCBuildConfiguration section */
		605CE21A1CB8DD9200D91782 /* Debug */ = {
			isa = XCBuildConfiguration;
			buildSettings = {
				ALWAYS_SEARCH_USER_PATHS = NO;
				CLANG_ANALYZER_NONNULL = YES;
				CLANG_CXX_LANGUAGE_STANDARD = "gnu++0x";
				CLANG_CXX_LIBRARY = "libc++";
				CLANG_ENABLE_MODULES = YES;
				CLANG_ENABLE_OBJC_ARC = YES;
				CLANG_WARN_BOOL_CONVERSION = YES;
				CLANG_WARN_CONSTANT_CONVERSION = YES;
				CLANG_WARN_DIRECT_OBJC_ISA_USAGE = YES_ERROR;
				CLANG_WARN_EMPTY_BODY = YES;
				CLANG_WARN_ENUM_CONVERSION = YES;
				CLANG_WARN_INT_CONVERSION = YES;
				CLANG_WARN_OBJC_ROOT_CLASS = YES_ERROR;
				CLANG_WARN_UNREACHABLE_CODE = YES;
				CLANG_WARN__DUPLICATE_METHOD_MATCH = YES;
				"CODE_SIGN_IDENTITY[sdk=iphoneos*]" = "iPhone Developer";
				COPY_PHASE_STRIP = NO;
				DEBUG_INFORMATION_FORMAT = dwarf;
				ENABLE_STRICT_OBJC_MSGSEND = YES;
				ENABLE_TESTABILITY = YES;
				GCC_C_LANGUAGE_STANDARD = gnu99;
				GCC_DYNAMIC_NO_PIC = NO;
				GCC_NO_COMMON_BLOCKS = YES;
				GCC_OPTIMIZATION_LEVEL = 0;
				GCC_PREPROCESSOR_DEFINITIONS = (
					"DEBUG=1",
					"$(inherited)",
				);
				GCC_WARN_64_TO_32_BIT_CONVERSION = YES;
				GCC_WARN_ABOUT_RETURN_TYPE = YES_ERROR;
				GCC_WARN_UNDECLARED_SELECTOR = YES;
				GCC_WARN_UNINITIALIZED_AUTOS = YES_AGGRESSIVE;
				GCC_WARN_UNUSED_FUNCTION = YES;
				GCC_WARN_UNUSED_VARIABLE = YES;
				IPHONEOS_DEPLOYMENT_TARGET = 9.3;
				MTL_ENABLE_DEBUG_INFO = YES;
				ONLY_ACTIVE_ARCH = YES;
				SDKROOT = iphoneos;
				TARGETED_DEVICE_FAMILY = "1,2";
			};
			name = Debug;
		};
		605CE21B1CB8DD9200D91782 /* Release */ = {
			isa = XCBuildConfiguration;
			buildSettings = {
				ALWAYS_SEARCH_USER_PATHS = NO;
				CLANG_ANALYZER_NONNULL = YES;
				CLANG_CXX_LANGUAGE_STANDARD = "gnu++0x";
				CLANG_CXX_LIBRARY = "libc++";
				CLANG_ENABLE_MODULES = YES;
				CLANG_ENABLE_OBJC_ARC = YES;
				CLANG_WARN_BOOL_CONVERSION = YES;
				CLANG_WARN_CONSTANT_CONVERSION = YES;
				CLANG_WARN_DIRECT_OBJC_ISA_USAGE = YES_ERROR;
				CLANG_WARN_EMPTY_BODY = YES;
				CLANG_WARN_ENUM_CONVERSION = YES;
				CLANG_WARN_INT_CONVERSION = YES;
				CLANG_WARN_OBJC_ROOT_CLASS = YES_ERROR;
				CLANG_WARN_UNREACHABLE_CODE = YES;
				CLANG_WARN__DUPLICATE_METHOD_MATCH = YES;
				"CODE_SIGN_IDENTITY[sdk=iphoneos*]" = "iPhone Developer";
				COPY_PHASE_STRIP = NO;
				DEBUG_INFORMATION_FORMAT = "dwarf-with-dsym";
				ENABLE_NS_ASSERTIONS = NO;
				ENABLE_STRICT_OBJC_MSGSEND = YES;
				GCC_C_LANGUAGE_STANDARD = gnu99;
				GCC_NO_COMMON_BLOCKS = YES;
				GCC_WARN_64_TO_32_BIT_CONVERSION = YES;
				GCC_WARN_ABOUT_RETURN_TYPE = YES_ERROR;
				GCC_WARN_UNDECLARED_SELECTOR = YES;
				GCC_WARN_UNINITIALIZED_AUTOS = YES_AGGRESSIVE;
				GCC_WARN_UNUSED_FUNCTION = YES;
				GCC_WARN_UNUSED_VARIABLE = YES;
				IPHONEOS_DEPLOYMENT_TARGET = 9.3;
				MTL_ENABLE_DEBUG_INFO = NO;
				SDKROOT = iphoneos;
				TARGETED_DEVICE_FAMILY = "1,2";
				VALIDATE_PRODUCT = YES;
			};
			name = Release;
		};
		605CE21D1CB8DD9200D91782 /* Debug */ = {
			isa = XCBuildConfiguration;
			buildSettings = {
				ASSETCATALOG_COMPILER_APPICON_NAME = AppIcon;
				GCC_PREFIX_HEADER = coreAnmitionTextLearning/PrefixHeader.pch;
				INFOPLIST_FILE = coreAnmitionTextLearning/Info.plist;
				LD_RUNPATH_SEARCH_PATHS = "$(inherited) @executable_path/Frameworks";
				PRODUCT_BUNDLE_IDENTIFIER = com.calayer.coreAnmitionTextLearning;
				PRODUCT_NAME = "$(TARGET_NAME)";
			};
			name = Debug;
		};
		605CE21E1CB8DD9200D91782 /* Release */ = {
			isa = XCBuildConfiguration;
			buildSettings = {
				ASSETCATALOG_COMPILER_APPICON_NAME = AppIcon;
				GCC_PREFIX_HEADER = coreAnmitionTextLearning/PrefixHeader.pch;
				INFOPLIST_FILE = coreAnmitionTextLearning/Info.plist;
				LD_RUNPATH_SEARCH_PATHS = "$(inherited) @executable_path/Frameworks";
				PRODUCT_BUNDLE_IDENTIFIER = com.calayer.coreAnmitionTextLearning;
				PRODUCT_NAME = "$(TARGET_NAME)";
			};
			name = Release;
		};
		605CE2201CB8DD9200D91782 /* Debug */ = {
			isa = XCBuildConfiguration;
			buildSettings = {
				BUNDLE_LOADER = "$(TEST_HOST)";
				INFOPLIST_FILE = coreAnmitionTextLearningTests/Info.plist;
				LD_RUNPATH_SEARCH_PATHS = "$(inherited) @executable_path/Frameworks @loader_path/Frameworks";
				PRODUCT_BUNDLE_IDENTIFIER = com.calayer.coreAnmitionTextLearningTests;
				PRODUCT_NAME = "$(TARGET_NAME)";
				TEST_HOST = "$(BUILT_PRODUCTS_DIR)/coreAnmitionTextLearning.app/coreAnmitionTextLearning";
			};
			name = Debug;
		};
		605CE2211CB8DD9200D91782 /* Release */ = {
			isa = XCBuildConfiguration;
			buildSettings = {
				BUNDLE_LOADER = "$(TEST_HOST)";
				INFOPLIST_FILE = coreAnmitionTextLearningTests/Info.plist;
				LD_RUNPATH_SEARCH_PATHS = "$(inherited) @executable_path/Frameworks @loader_path/Frameworks";
				PRODUCT_BUNDLE_IDENTIFIER = com.calayer.coreAnmitionTextLearningTests;
				PRODUCT_NAME = "$(TARGET_NAME)";
				TEST_HOST = "$(BUILT_PRODUCTS_DIR)/coreAnmitionTextLearning.app/coreAnmitionTextLearning";
			};
			name = Release;
		};
		605CE2231CB8DD9200D91782 /* Debug */ = {
			isa = XCBuildConfiguration;
			buildSettings = {
				INFOPLIST_FILE = coreAnmitionTextLearningUITests/Info.plist;
				LD_RUNPATH_SEARCH_PATHS = "$(inherited) @executable_path/Frameworks @loader_path/Frameworks";
				PRODUCT_BUNDLE_IDENTIFIER = com.calayer.coreAnmitionTextLearningUITests;
				PRODUCT_NAME = "$(TARGET_NAME)";
				TEST_TARGET_NAME = coreAnmitionTextLearning;
			};
			name = Debug;
		};
		605CE2241CB8DD9200D91782 /* Release */ = {
			isa = XCBuildConfiguration;
			buildSettings = {
				INFOPLIST_FILE = coreAnmitionTextLearningUITests/Info.plist;
				LD_RUNPATH_SEARCH_PATHS = "$(inherited) @executable_path/Frameworks @loader_path/Frameworks";
				PRODUCT_BUNDLE_IDENTIFIER = com.calayer.coreAnmitionTextLearningUITests;
				PRODUCT_NAME = "$(TARGET_NAME)";
				TEST_TARGET_NAME = coreAnmitionTextLearning;
			};
			name = Release;
		};
/* End XCBuildConfiguration section */

/* Begin XCConfigurationList section */
		605CE1EA1CB8DD9200D91782 /* Build configuration list for PBXProject "coreAnmitionTextLearning" */ = {
			isa = XCConfigurationList;
			buildConfigurations = (
				605CE21A1CB8DD9200D91782 /* Debug */,
				605CE21B1CB8DD9200D91782 /* Release */,
			);
			defaultConfigurationIsVisible = 0;
			defaultConfigurationName = Release;
		};
		605CE21C1CB8DD9200D91782 /* Build configuration list for PBXNativeTarget "coreAnmitionTextLearning" */ = {
			isa = XCConfigurationList;
			buildConfigurations = (
				605CE21D1CB8DD9200D91782 /* Debug */,
				605CE21E1CB8DD9200D91782 /* Release */,
			);
			defaultConfigurationIsVisible = 0;
			defaultConfigurationName = Release;
		};
		605CE21F1CB8DD9200D91782 /* Build configuration list for PBXNativeTarget "coreAnmitionTextLearningTests" */ = {
			isa = XCConfigurationList;
			buildConfigurations = (
				605CE2201CB8DD9200D91782 /* Debug */,
				605CE2211CB8DD9200D91782 /* Release */,
			);
			defaultConfigurationIsVisible = 0;
			defaultConfigurationName = Release;
		};
		605CE2221CB8DD9200D91782 /* Build configuration list for PBXNativeTarget "coreAnmitionTextLearningUITests" */ = {
			isa = XCConfigurationList;
			buildConfigurations = (
				605CE2231CB8DD9200D91782 /* Debug */,
				605CE2241CB8DD9200D91782 /* Release */,
			);
			defaultConfigurationIsVisible = 0;
			defaultConfigurationName = Release;
		};
/* End XCConfigurationList section */
	};
	rootObject = 605CE1E71CB8DD9200D91782 /* Project object */;
}
